{
  "originHash" : "76cce830d157a5f23aca2fb8a29e3d382fb41d4d809460edbf907cf7135d245a",
  "pins" : [
    {
      "identity" : "swift-argument-parser",
      "kind" : "remoteSourceControl",
      "location" : "https://github.com/apple/swift-argument-parser",
      "state" : {
        "revision" : "6a52f3251125d74daf04fcbd5e6f08a75d074382",
        "version" : "1.8.2"
      }
    },
    {
      "identity" : "swift-dynamicjson",
      "kind" : "remoteSourceControl",
      "location" : "https://github.com/objecthub/swift-dynamicjson",
      "state" : {
        "revision" : "9648f32126ade414b00b9551c27870d4ad9b168c",
        "version" : "1.0.2"
      }
    }
  ],
  "version" : 3
}
